
Microsoft Visual Studio Solution File, Format Version 12.00
# Visual Studio Version 16
VisualStudioVersion = 16.0.31025.194
MinimumVisualStudioVersion = 10.0.40219.1
Project("{FAE04EC0-301F-11D3-BF4B-00C04F79EFBC}") = "PropertyApp", "PropertyApp.cs\PropertyApp.csproj", "{516006A5-EEDB-418E-861A-B00616FA33BC}"
EndProject
Global
	GlobalSection(SolutionConfigurationPlatforms) = preSolution
		Debug|Any CPU = Debug|Any CPU
		Release|Any CPU = Release|Any CPU
	EndGlobalSection
	GlobalSection(ProjectConfigurationPlatforms) = postSolution
		{516006A5-EEDB-418E-861A-B00616FA33BC}.Debug|Any CPU.ActiveCfg = Debug|Any CPU
		{516006A5-EEDB-418E-861A-B00616FA33BC}.Debug|Any CPU.Build.0 = Debug|Any CPU
		{516006A5-EEDB-418E-861A-B00616FA33BC}.Release|Any CPU.ActiveCfg = Release|Any CPU
		{516006A5-EEDB-418E-861A-B00616FA33BC}.Release|Any CPU.Build.0 = Release|Any CPU
	EndGlobalSection
	GlobalSection(SolutionProperties) = preSolution
		HideSolutionNode = FALSE
	EndGlobalSection
	GlobalSection(ExtensibilityGlobals) = postSolution
		SolutionGuid = {213694A2-23A1-4B80-9390-E8D9D7FBCF7A}
	EndGlobalSection
EndGlobal
