
Microsoft Visual Studio Solution File, Format Version 12.00
# Visual Studio Version 16
VisualStudioVersion = 16.0.31025.194
MinimumVisualStudioVersion = 10.0.40219.1
Project("{FAE04EC0-301F-11D3-BF4B-00C04F79EFBC}") = "HelloWorld", "HelloWorld\HelloWorld.csproj", "{2E32F287-DC09-4EEE-A257-A8374F724D2C}"
EndProject
Global
	GlobalSection(SolutionConfigurationPlatforms) = preSolution
		Debug|Any CPU = Debug|Any CPU
		Release|Any CPU = Release|Any CPU
	EndGlobalSection
	GlobalSection(ProjectConfigurationPlatforms) = postSolution
		{2E32F287-DC09-4EEE-A257-A8374F724D2C}.Debug|Any CPU.ActiveCfg = Debug|Any CPU
		{2E32F287-DC09-4EEE-A257-A8374F724D2C}.Debug|Any CPU.Build.0 = Debug|Any CPU
		{2E32F287-DC09-4EEE-A257-A8374F724D2C}.Release|Any CPU.ActiveCfg = Release|Any CPU
		{2E32F287-DC09-4EEE-A257-A8374F724D2C}.Release|Any CPU.Build.0 = Release|Any CPU
	EndGlobalSection
	GlobalSection(SolutionProperties) = preSolution
		HideSolutionNode = FALSE
	EndGlobalSection
	GlobalSection(ExtensibilityGlobals) = postSolution
		SolutionGuid = {8ACA9CB8-8117-487B-A81C-1E81D7F750EB}
	EndGlobalSection
EndGlobal
