
Microsoft Visual Studio Solution File, Format Version 12.00
# Visual Studio Version 16
VisualStudioVersion = 16.0.31025.194
MinimumVisualStudioVersion = 10.0.40219.1
Project("{FAE04EC0-301F-11D3-BF4B-00C04F79EFBC}") = "ArrayOfArrayApp", "Array\ArrayOfArrayApp.csproj", "{80ADDDA8-FA63-42D8-853C-4F8EA50548A0}"
EndProject
Global
	GlobalSection(SolutionConfigurationPlatforms) = preSolution
		Debug|Any CPU = Debug|Any CPU
		Release|Any CPU = Release|Any CPU
	EndGlobalSection
	GlobalSection(ProjectConfigurationPlatforms) = postSolution
		{80ADDDA8-FA63-42D8-853C-4F8EA50548A0}.Debug|Any CPU.ActiveCfg = Debug|Any CPU
		{80ADDDA8-FA63-42D8-853C-4F8EA50548A0}.Debug|Any CPU.Build.0 = Debug|Any CPU
		{80ADDDA8-FA63-42D8-853C-4F8EA50548A0}.Release|Any CPU.ActiveCfg = Release|Any CPU
		{80ADDDA8-FA63-42D8-853C-4F8EA50548A0}.Release|Any CPU.Build.0 = Release|Any CPU
	EndGlobalSection
	GlobalSection(SolutionProperties) = preSolution
		HideSolutionNode = FALSE
	EndGlobalSection
	GlobalSection(ExtensibilityGlobals) = postSolution
		SolutionGuid = {B545DD28-71B9-40FF-B9B0-B3A87CAD036E}
	EndGlobalSection
EndGlobal
