
Microsoft Visual Studio Solution File, Format Version 12.00
# Visual Studio Version 16
VisualStudioVersion = 16.0.31025.194
MinimumVisualStudioVersion = 10.0.40219.1
Project("{FAE04EC0-301F-11D3-BF4B-00C04F79EFBC}") = "ArrayOfArrayApp", "Array\ArrayOfArrayApp.csproj", "{EE420334-845E-405F-944C-792DCAEE267A}"
EndProject
Global
	GlobalSection(SolutionConfigurationPlatforms) = preSolution
		Debug|Any CPU = Debug|Any CPU
		Release|Any CPU = Release|Any CPU
	EndGlobalSection
	GlobalSection(ProjectConfigurationPlatforms) = postSolution
		{EE420334-845E-405F-944C-792DCAEE267A}.Debug|Any CPU.ActiveCfg = Debug|Any CPU
		{EE420334-845E-405F-944C-792DCAEE267A}.Debug|Any CPU.Build.0 = Debug|Any CPU
		{EE420334-845E-405F-944C-792DCAEE267A}.Release|Any CPU.ActiveCfg = Release|Any CPU
		{EE420334-845E-405F-944C-792DCAEE267A}.Release|Any CPU.Build.0 = Release|Any CPU
	EndGlobalSection
	GlobalSection(SolutionProperties) = preSolution
		HideSolutionNode = FALSE
	EndGlobalSection
	GlobalSection(ExtensibilityGlobals) = postSolution
		SolutionGuid = {CE7E7647-8CD6-46DB-83BC-9EE2F07937D8}
	EndGlobalSection
EndGlobal
